{
  "name": "@bit/nts.angular.components.general.scripter",
  "version": "0.0.3",
  "lockfileVersion": 1,
  "requires": true,
  "dependencies": {
    "@angular/common": {
      "version": "8.2.14",
      "resolved": "https://registry.npmjs.org/@angular/common/-/common-8.2.14.tgz",
      "integrity": "sha512-Qmt+aX2quUW54kaNT7QH7WGXnFxr/cC2C6sf5SW5SdkZfDQSiz8IaItvieZfXVQUbBOQKFRJ7TlSkt0jI/yjvw==",
      "requires": {
        "tslib": "^1.9.0"
      }
    },
    "@angular/core": {
      "version": "8.2.14",
      "resolved": "https://registry.npmjs.org/@angular/core/-/core-8.2.14.tgz",
      "integrity": "sha512-zeePkigi+hPh3rN7yoNENG/YUBUsIvUXdxx+AZq+QPaFeKEA2FBSrKn36ojHFrdJUjKzl0lPMEiGC2b6a6bo6g==",
      "requires": {
        "tslib": "^1.9.0"
      }
    },
    "@angular/forms": {
      "version": "8.2.14",
      "resolved": "https://registry.npmjs.org/@angular/forms/-/forms-8.2.14.tgz",
      "integrity": "sha512-zhyKL3CFIqcyHJ/TQF/h1OZztK611a6rxuPHCrt/5Sn1SuBTJJQ1pPTkOYIDy6IrCrtyANc8qB6P17Mao71DNQ==",
      "requires": {
        "tslib": "^1.9.0"
      }
    },
    "@nll/ngx": {
      "version": "4.0.3",
      "resolved": "https://registry.npmjs.org/@nll/ngx/-/ngx-4.0.3.tgz",
      "integrity": "sha512-UzW6frMaQkT5Gku/LsvOntnUdE4uqHiB2dwPj5E7pqEpMLFKPkGX6MwgGA6T0UDKshg/IksyAxj0UhLsFSHF4w==",
      "requires": {
        "tslib": "^1.9.0"
      }
    },
    "date-fns": {
      "version": "2.8.1",
      "resolved": "https://registry.npmjs.org/date-fns/-/date-fns-2.8.1.tgz",
      "integrity": "sha512-EL/C8IHvYRwAHYgFRse4MGAPSqlJVlOrhVYZ75iQBKrnv+ZedmYsgwH3t+BCDuZDXpoo07+q9j4qgSSOa7irJg=="
    },
    "fp-ts": {
      "version": "2.3.0",
      "resolved": "https://registry.npmjs.org/fp-ts/-/fp-ts-2.3.0.tgz",
      "integrity": "sha512-Sfwvnsg2VHIdc/bwrFR9ym2QyZz7HZICBL2CWNRqDm7Alflf0oXIIL4nP7L75y2b+so0uupx1/nOPEBYJTxWQw=="
    },
    "primeng": {
      "version": "8.1.1",
      "resolved": "https://registry.npmjs.org/primeng/-/primeng-8.1.1.tgz",
      "integrity": "sha512-8dP8A3qkmOvDTe97kCeFvoCk6oPNDdgMTdT4UBzhC4ua5wM7i7pjYXuKzAXm3oEFf+iSEB6WqzzfSqyZdbEA+w=="
    },
    "rxjs": {
      "version": "6.5.3",
      "resolved": "https://registry.npmjs.org/rxjs/-/rxjs-6.5.3.tgz",
      "integrity": "sha512-wuYsAYYFdWTAnAaPoKGNhfpWwKZbJW+HgAJ+mImp+Epl7BG8oNWBCTyRM8gba9k4lk8BgWdoYm21Mo/RYhhbgA==",
      "requires": {
        "tslib": "^1.9.0"
      }
    },
    "tslib": {
      "version": "1.11.1",
      "resolved": "https://registry.npmjs.org/tslib/-/tslib-1.11.1.tgz",
      "integrity": "sha512-aZW88SY8kQbU7gpV19lN24LtXh/yD4ZZg6qieAJDDg+YBsJcSmLGK9QpnUjAKVG/xefmvJGd1WUmfpT/g6AJGA=="
    }
  }
}
